// !$*UTF8*$!
{
	archiveVersion = 1;
	classes = {
	};
	objectVersion = 55;
	objects = {

/* Begin PBXBuildFile section */
		639FC42C2887D0B8001CC188 /* AppDelegate.swift in Sources */ = {isa = PBXBuildFile; fileRef = 639FC42B2887D0B8001CC188 /* AppDelegate.swift */; };
		639FC42E2887D0B8001CC188 /* SceneDelegate.swift in Sources */ = {isa = PBXBuildFile; fileRef = 639FC42D2887D0B8001CC188 /* SceneDelegate.swift */; };
		639FC4302887D0B8001CC188 /* ViewController.swift in Sources */ = {isa = PBXBuildFile; fileRef = 639FC42F2887D0B8001CC188 /* ViewController.swift */; };
		639FC4332887D0B8001CC188 /* Main.storyboard in Resources */ = {isa = PBXBuildFile; fileRef = 639FC4312887D0B8001CC188 /* Main.storyboard */; };
		639FC4352887D0B9001CC188 /* Assets.xcassets in Resources */ = {isa = PBXBuildFile; fileRef = 639FC4342887D0B9001CC188 /* Assets.xcassets */; };
		639FC4382887D0B9001CC188 /* LaunchScreen.storyboard in Resources */ = {isa = PBXBuildFile; fileRef = 639FC4362887D0B9001CC188 /* LaunchScreen.storyboard */; };
		639FC4402887D241001CC188 /* LibraryList.storyboard in Resources */ = {isa = PBXBuildFile; fileRef = 639FC43F2887D241001CC188 /* LibraryList.storyboard */; };
		639FC4422887D251001CC188 /* LibraryListCollectionViewCell.swift in Sources */ = {isa = PBXBuildFile; fileRef = 639FC4412887D251001CC188 /* LibraryListCollectionViewCell.swift */; };
		639FC4442887D260001CC188 /* LibraryListCollectionViewController.swift in Sources */ = {isa = PBXBuildFile; fileRef = 639FC4432887D260001CC188 /* LibraryListCollectionViewController.swift */; };
		639FC4472887D51C001CC188 /* Librarys.swift in Sources */ = {isa = PBXBuildFile; fileRef = 639FC4462887D51C001CC188 /* Librarys.swift */; };
		639FC4492887D585001CC188 /* LibraryInfo.swift in Sources */ = {isa = PBXBuildFile; fileRef = 639FC4482887D585001CC188 /* LibraryInfo.swift */; };
/* End PBXBuildFile section */

/* Begin PBXFileReference section */
		639FC4282887D0B8001CC188 /* eBook.app */ = {isa = PBXFileReference; explicitFileType = wrapper.application; includeInIndex = 0; path = eBook.app; sourceTree = BUILT_PRODUCTS_DIR; };
		639FC42B2887D0B8001CC188 /* AppDelegate.swift */ = {isa = PBXFileReference; lastKnownFileType = sourcecode.swift; path = AppDelegate.swift; sourceTree = "<group>"; };
		639FC42D2887D0B8001CC188 /* SceneDelegate.swift */ = {isa = PBXFileReference; lastKnownFileType = sourcecode.swift; path = SceneDelegate.swift; sourceTree = "<group>"; };
		639FC42F2887D0B8001CC188 /* ViewController.swift */ = {isa = PBXFileReference; lastKnownFileType = sourcecode.swift; path = ViewController.swift; sourceTree = "<group>"; };
		639FC4322887D0B8001CC188 /* Base */ = {isa = PBXFileReference; lastKnownFileType = file.storyboard; name = Base; path = Base.lproj/Main.storyboard; sourceTree = "<group>"; };
		639FC4342887D0B9001CC188 /* Assets.xcassets */ = {isa = PBXFileReference; lastKnownFileType = folder.assetcatalog; path = Assets.xcassets; sourceTree = "<group>"; };
		639FC4372887D0B9001CC188 /* Base */ = {isa = PBXFileReference; lastKnownFileType = file.storyboard; name = Base; path = Base.lproj/LaunchScreen.storyboard; sourceTree = "<group>"; };
		639FC4392887D0B9001CC188 /* Info.plist */ = {isa = PBXFileReference; lastKnownFileType = text.plist.xml; path = Info.plist; sourceTree = "<group>"; };
		639FC43F2887D241001CC188 /* LibraryList.storyboard */ = {isa = PBXFileReference; lastKnownFileType = file.storyboard; path = LibraryList.storyboard; sourceTree = "<group>"; };
		639FC4412887D251001CC188 /* LibraryListCollectionViewCell.swift */ = {isa = PBXFileReference; lastKnownFileType = sourcecode.swift; path = LibraryListCollectionViewCell.swift; sourceTree = "<group>"; };
		639FC4432887D260001CC188 /* LibraryListCollectionViewController.swift */ = {isa = PBXFileReference; lastKnownFileType = sourcecode.swift; path = LibraryListCollectionViewController.swift; sourceTree = "<group>"; };
		639FC4462887D51C001CC188 /* Librarys.swift */ = {isa = PBXFileReference; lastKnownFileType = sourcecode.swift; path = Librarys.swift; sourceTree = "<group>"; };
		639FC4482887D585001CC188 /* LibraryInfo.swift */ = {isa = PBXFileReference; lastKnownFileType = sourcecode.swift; path = LibraryInfo.swift; sourceTree = "<group>"; };
/* End PBXFileReference section */

/* Begin PBXFrameworksBuildPhase section */
		639FC4252887D0B8001CC188 /* Frameworks */ = {
			isa = PBXFrameworksBuildPhase;
			buildActionMask = 2147483647;
			files = (
			);
			runOnlyForDeploymentPostprocessing = 0;
		};
/* End PBXFrameworksBuildPhase section */

/* Begin PBXGroup section */
		639FC41F2887D0B8001CC188 = {
			isa = PBXGroup;
			children = (
				639FC42A2887D0B8001CC188 /* eBook */,
				639FC4292887D0B8001CC188 /* Products */,
			);
			sourceTree = "<group>";
		};
		639FC4292887D0B8001CC188 /* Products */ = {
			isa = PBXGroup;
			children = (
				639FC4282887D0B8001CC188 /* eBook.app */,
			);
			name = Products;
			sourceTree = "<group>";
		};
		639FC42A2887D0B8001CC188 /* eBook */ = {
			isa = PBXGroup;
			children = (
				639FC42B2887D0B8001CC188 /* AppDelegate.swift */,
				639FC42D2887D0B8001CC188 /* SceneDelegate.swift */,
				639FC42F2887D0B8001CC188 /* ViewController.swift */,
				639FC4312887D0B8001CC188 /* Main.storyboard */,
				639FC4452887D265001CC188 /* LibraryList */,
				639FC4342887D0B9001CC188 /* Assets.xcassets */,
				639FC4362887D0B9001CC188 /* LaunchScreen.storyboard */,
				639FC4392887D0B9001CC188 /* Info.plist */,
			);
			path = eBook;
			sourceTree = "<group>";
		};
		639FC4452887D265001CC188 /* LibraryList */ = {
			isa = PBXGroup;
			children = (
				639FC43F2887D241001CC188 /* LibraryList.storyboard */,
				639FC4412887D251001CC188 /* LibraryListCollectionViewCell.swift */,
				639FC4432887D260001CC188 /* LibraryListCollectionViewController.swift */,
				639FC4462887D51C001CC188 /* Librarys.swift */,
				639FC4482887D585001CC188 /* LibraryInfo.swift */,
			);
			path = LibraryList;
			sourceTree = "<group>";
		};
/* End PBXGroup section */

/* Begin PBXNativeTarget section */
		639FC4272887D0B8001CC188 /* eBook */ = {
			isa = PBXNativeTarget;
			buildConfigurationList = 639FC43C2887D0B9001CC188 /* Build configuration list for PBXNativeTarget "eBook" */;
			buildPhases = (
				639FC4242887D0B8001CC188 /* Sources */,
				639FC4252887D0B8001CC188 /* Frameworks */,
				639FC4262887D0B8001CC188 /* Resources */,
			);
			buildRules = (
			);
			dependencies = (
			);
			name = eBook;
			productName = eBook;
			productReference = 639FC4282887D0B8001CC188 /* eBook.app */;
			productType = "com.apple.product-type.application";
		};
/* End PBXNativeTarget section */

/* Begin PBXProject section */
		639FC4202887D0B8001CC188 /* Project object */ = {
			isa = PBXProject;
			attributes = {
				BuildIndependentTargetsInParallel = 1;
				LastSwiftUpdateCheck = 1340;
				LastUpgradeCheck = 1340;
				TargetAttributes = {
					639FC4272887D0B8001CC188 = {
						CreatedOnToolsVersion = 13.4.1;
					};
				};
			};
			buildConfigurationList = 639FC4232887D0B8001CC188 /* Build configuration list for PBXProject "eBook" */;
			compatibilityVersion = "Xcode 13.0";
			developmentRegion = en;
			hasScannedForEncodings = 0;
			knownRegions = (
				en,
				Base,
			);
			mainGroup = 639FC41F2887D0B8001CC188;
			productRefGroup = 639FC4292887D0B8001CC188 /* Products */;
			projectDirPath = "";
			projectRoot = "";
			targets = (
				639FC4272887D0B8001CC188 /* eBook */,
			);
		};
/* End PBXProject section */

/* Begin PBXResourcesBuildPhase section */
		639FC4262887D0B8001CC188 /* Resources */ = {
			isa = PBXResourcesBuildPhase;
			buildActionMask = 2147483647;
			files = (
				639FC4382887D0B9001CC188 /* LaunchScreen.storyboard in Resources */,
				639FC4352887D0B9001CC188 /* Assets.xcassets in Resources */,
				639FC4402887D241001CC188 /* LibraryList.storyboard in Resources */,
				639FC4332887D0B8001CC188 /* Main.storyboard in Resources */,
			);
			runOnlyForDeploymentPostprocessing = 0;
		};
/* End PBXResourcesBuildPhase section */

/* Begin PBXSourcesBuildPhase section */
		639FC4242887D0B8001CC188 /* Sources */ = {
			isa = PBXSourcesBuildPhase;
			buildActionMask = 2147483647;
			files = (
				639FC4302887D0B8001CC188 /* ViewController.swift in Sources */,
				639FC42C2887D0B8001CC188 /* AppDelegate.swift in Sources */,
				639FC4492887D585001CC188 /* LibraryInfo.swift in Sources */,
				639FC4442887D260001CC188 /* LibraryListCollectionViewController.swift in Sources */,
				639FC4472887D51C001CC188 /* Librarys.swift in Sources */,
				639FC4422887D251001CC188 /* LibraryListCollectionViewCell.swift in Sources */,
				639FC42E2887D0B8001CC188 /* SceneDelegate.swift in Sources */,
			);
			runOnlyForDeploymentPostprocessing = 0;
		};
/* End PBXSourcesBuildPhase section */

/* Begin PBXVariantGroup section */
		639FC4312887D0B8001CC188 /* Main.storyboard */ = {
			isa = PBXVariantGroup;
			children = (
				639FC4322887D0B8001CC188 /* Base */,
			);
			name = Main.storyboard;
			sourceTree = "<group>";
		};
		639FC4362887D0B9001CC188 /* LaunchScreen.storyboard */ = {
			isa = PBXVariantGroup;
			children = (
				639FC4372887D0B9001CC188 /* Base */,
			);
			name = LaunchScreen.storyboard;
			sourceTree = "<group>";
		};
/* End PBXVariantGroup section */

/* Begin XCBuildConfiguration section */
		639FC43A2887D0B9001CC188 /* Debug */ = {
			isa = XCBuildConfiguration;
			buildSettings = {
				ALWAYS_SEARCH_USER_PATHS = NO;
				CLANG_ANALYZER_NONNULL = YES;
				CLANG_ANALYZER_NUMBER_OBJECT_CONVERSION = YES_AGGRESSIVE;
				CLANG_CXX_LANGUAGE_STANDARD = "gnu++17";
				CLANG_ENABLE_MODULES = YES;
				CLANG_ENABLE_OBJC_ARC = YES;
				CLANG_ENABLE_OBJC_WEAK = YES;
				CLANG_WARN_BLOCK_CAPTURE_AUTORELEASING = YES;
				CLANG_WARN_BOOL_CONVERSION = YES;
				CLANG_WARN_COMMA = YES;
				CLANG_WARN_CONSTANT_CONVERSION = YES;
				CLANG_WARN_DEPRECATED_OBJC_IMPLEMENTATIONS = YES;
				CLANG_WARN_DIRECT_OBJC_ISA_USAGE = YES_ERROR;
				CLANG_WARN_DOCUMENTATION_COMMENTS = YES;
				CLANG_WARN_EMPTY_BODY = YES;
				CLANG_WARN_ENUM_CONVERSION = YES;
				CLANG_WARN_INFINITE_RECURSION = YES;
				CLANG_WARN_INT_CONVERSION = YES;
				CLANG_WARN_NON_LITERAL_NULL_CONVERSION = YES;
				CLANG_WARN_OBJC_IMPLICIT_RETAIN_SELF = YES;
				CLANG_WARN_OBJC_LITERAL_CONVERSION = YES;
				CLANG_WARN_OBJC_ROOT_CLASS = YES_ERROR;
				CLANG_WARN_QUOTED_INCLUDE_IN_FRAMEWORK_HEADER = YES;
				CLANG_WARN_RANGE_LOOP_ANALYSIS = YES;
				CLANG_WARN_STRICT_PROTOTYPES = YES;
				CLANG_WARN_SUSPICIOUS_MOVE = YES;
				CLANG_WARN_UNGUARDED_AVAILABILITY = YES_AGGRESSIVE;
				CLANG_WARN_UNREACHABLE_CODE = YES;
				CLANG_WARN__DUPLICATE_METHOD_MATCH = YES;
				COPY_PHASE_STRIP = NO;
				DEBUG_INFORMATION_FORMAT = dwarf;
				ENABLE_STRICT_OBJC_MSGSEND = YES;
				ENABLE_TESTABILITY = YES;
				GCC_C_LANGUAGE_STANDARD = gnu11;
				GCC_DYNAMIC_NO_PIC = NO;
				GCC_NO_COMMON_BLOCKS = YES;
				GCC_OPTIMIZATION_LEVEL = 0;
				GCC_PREPROCESSOR_DEFINITIONS = (
					"DEBUG=1",
					"$(inherited)",
				);
				GCC_WARN_64_TO_32_BIT_CONVERSION = YES;
				GCC_WARN_ABOUT_RETURN_TYPE = YES_ERROR;
				GCC_WARN_UNDECLARED_SELECTOR = YES;
				GCC_WARN_UNINITIALIZED_AUTOS = YES_AGGRESSIVE;
				GCC_WARN_UNUSED_FUNCTION = YES;
				GCC_WARN_UNUSED_VARIABLE = YES;
				IPHONEOS_DEPLOYMENT_TARGET = 15.5;
				MTL_ENABLE_DEBUG_INFO = INCLUDE_SOURCE;
				MTL_FAST_MATH = YES;
				ONLY_ACTIVE_ARCH = YES;
				SDKROOT = iphoneos;
				SWIFT_ACTIVE_COMPILATION_CONDITIONS = DEBUG;
				SWIFT_OPTIMIZATION_LEVEL = "-Onone";
			};
			name = Debug;
		};
		639FC43B2887D0B9001CC188 /* Release */ = {
			isa = XCBuildConfiguration;
			buildSettings = {
				ALWAYS_SEARCH_USER_PATHS = NO;
				CLANG_ANALYZER_NONNULL = YES;
				CLANG_ANALYZER_NUMBER_OBJECT_CONVERSION = YES_AGGRESSIVE;
				CLANG_CXX_LANGUAGE_STANDARD = "gnu++17";
				CLANG_ENABLE_MODULES = YES;
				CLANG_ENABLE_OBJC_ARC = YES;
				CLANG_ENABLE_OBJC_WEAK = YES;
				CLANG_WARN_BLOCK_CAPTURE_AUTORELEASING = YES;
				CLANG_WARN_BOOL_CONVERSION = YES;
				CLANG_WARN_COMMA = YES;
				CLANG_WARN_CONSTANT_CONVERSION = YES;
				CLANG_WARN_DEPRECATED_OBJC_IMPLEMENTATIONS = YES;
				CLANG_WARN_DIRECT_OBJC_ISA_USAGE = YES_ERROR;
				CLANG_WARN_DOCUMENTATION_COMMENTS = YES;
				CLANG_WARN_EMPTY_BODY = YES;
				CLANG_WARN_ENUM_CONVERSION = YES;
				CLANG_WARN_INFINITE_RECURSION = YES;
				CLANG_WARN_INT_CONVERSION = YES;
				CLANG_WARN_NON_LITERAL_NULL_CONVERSION = YES;
				CLANG_WARN_OBJC_IMPLICIT_RETAIN_SELF = YES;
				CLANG_WARN_OBJC_LITERAL_CONVERSION = YES;
				CLANG_WARN_OBJC_ROOT_CLASS = YES_ERROR;
				CLANG_WARN_QUOTED_INCLUDE_IN_FRAMEWORK_HEADER = YES;
				CLANG_WARN_RANGE_LOOP_ANALYSIS = YES;
				CLANG_WARN_STRICT_PROTOTYPES = YES;
				CLANG_WARN_SUSPICIOUS_MOVE = YES;
				CLANG_WARN_UNGUARDED_AVAILABILITY = YES_AGGRESSIVE;
				CLANG_WARN_UNREACHABLE_CODE = YES;
				CLANG_WARN__DUPLICATE_METHOD_MATCH = YES;
				COPY_PHASE_STRIP = NO;
				DEBUG_INFORMATION_FORMAT = "dwarf-with-dsym";
				ENABLE_NS_ASSERTIONS = NO;
				ENABLE_STRICT_OBJC_MSGSEND = YES;
				GCC_C_LANGUAGE_STANDARD = gnu11;
				GCC_NO_COMMON_BLOCKS = YES;
				GCC_WARN_64_TO_32_BIT_CONVERSION = YES;
				GCC_WARN_ABOUT_RETURN_TYPE = YES_ERROR;
				GCC_WARN_UNDECLARED_SELECTOR = YES;
				GCC_WARN_UNINITIALIZED_AUTOS = YES_AGGRESSIVE;
				GCC_WARN_UNUSED_FUNCTION = YES;
				GCC_WARN_UNUSED_VARIABLE = YES;
				IPHONEOS_DEPLOYMENT_TARGET = 15.5;
				MTL_ENABLE_DEBUG_INFO = NO;
				MTL_FAST_MATH = YES;
				SDKROOT = iphoneos;
				SWIFT_COMPILATION_MODE = wholemodule;
				SWIFT_OPTIMIZATION_LEVEL = "-O";
				VALIDATE_PRODUCT = YES;
			};
			name = Release;
		};
		639FC43D2887D0B9001CC188 /* Debug */ = {
			isa = XCBuildConfiguration;
			buildSettings = {
				ASSETCATALOG_COMPILER_APPICON_NAME = AppIcon;
				ASSETCATALOG_COMPILER_GLOBAL_ACCENT_COLOR_NAME = AccentColor;
				CODE_SIGN_STYLE = Automatic;
				CURRENT_PROJECT_VERSION = 1;
				GENERATE_INFOPLIST_FILE = YES;
				INFOPLIST_FILE = eBook/Info.plist;
				INFOPLIST_KEY_UIApplicationSupportsIndirectInputEvents = YES;
				INFOPLIST_KEY_UILaunchStoryboardName = LaunchScreen;
				INFOPLIST_KEY_UIMainStoryboardFile = Main;
				INFOPLIST_KEY_UISupportedInterfaceOrientations = UIInterfaceOrientationPortrait;
				INFOPLIST_KEY_UISupportedInterfaceOrientations_iPad = "UIInterfaceOrientationPortrait UIInterfaceOrientationPortraitUpsideDown UIInterfaceOrientationLandscapeLeft UIInterfaceOrientationLandscapeRight";
				INFOPLIST_KEY_UISupportedInterfaceOrientations_iPhone = UIInterfaceOrientationPortrait;
				LD_RUNPATH_SEARCH_PATHS = (
					"$(inherited)",
					"@executable_path/Frameworks",
				);
				MARKETING_VERSION = 1.0;
				PRODUCT_BUNDLE_IDENTIFIER = com.jj.eBook;
				PRODUCT_NAME = "$(TARGET_NAME)";
				SWIFT_EMIT_LOC_STRINGS = YES;
				SWIFT_VERSION = 5.0;
				TARGETED_DEVICE_FAMILY = 1;
			};
			name = Debug;
		};
		639FC43E2887D0B9001CC188 /* Release */ = {
			isa = XCBuildConfiguration;
			buildSettings = {
				ASSETCATALOG_COMPILER_APPICON_NAME = AppIcon;
				ASSETCATALOG_COMPILER_GLOBAL_ACCENT_COLOR_NAME = AccentColor;
				CODE_SIGN_STYLE = Automatic;
				CURRENT_PROJECT_VERSION = 1;
				GENERATE_INFOPLIST_FILE = YES;
				INFOPLIST_FILE = eBook/Info.plist;
				INFOPLIST_KEY_UIApplicationSupportsIndirectInputEvents = YES;
				INFOPLIST_KEY_UILaunchStoryboardName = LaunchScreen;
				INFOPLIST_KEY_UIMainStoryboardFile = Main;
				INFOPLIST_KEY_UISupportedInterfaceOrientations = UIInterfaceOrientationPortrait;
				INFOPLIST_KEY_UISupportedInterfaceOrientations_iPad = "UIInterfaceOrientationPortrait UIInterfaceOrientationPortraitUpsideDown UIInterfaceOrientationLandscapeLeft UIInterfaceOrientationLandscapeRight";
				INFOPLIST_KEY_UISupportedInterfaceOrientations_iPhone = UIInterfaceOrientationPortrait;
				LD_RUNPATH_SEARCH_PATHS = (
					"$(inherited)",
					"@executable_path/Frameworks",
				);
				MARKETING_VERSION = 1.0;
				PRODUCT_BUNDLE_IDENTIFIER = com.jj.eBook;
				PRODUCT_NAME = "$(TARGET_NAME)";
				SWIFT_EMIT_LOC_STRINGS = YES;
				SWIFT_VERSION = 5.0;
				TARGETED_DEVICE_FAMILY = 1;
			};
			name = Release;
		};
/* End XCBuildConfiguration section */

/* Begin XCConfigurationList section */
		639FC4232887D0B8001CC188 /* Build configuration list for PBXProject "eBook" */ = {
			isa = XCConfigurationList;
			buildConfigurations = (
				639FC43A2887D0B9001CC188 /* Debug */,
				639FC43B2887D0B9001CC188 /* Release */,
			);
			defaultConfigurationIsVisible = 0;
			defaultConfigurationName = Release;
		};
		639FC43C2887D0B9001CC188 /* Build configuration list for PBXNativeTarget "eBook" */ = {
			isa = XCConfigurationList;
			buildConfigurations = (
				639FC43D2887D0B9001CC188 /* Debug */,
				639FC43E2887D0B9001CC188 /* Release */,
			);
			defaultConfigurationIsVisible = 0;
			defaultConfigurationName = Release;
		};
/* End XCConfigurationList section */
	};
	rootObject = 639FC4202887D0B8001CC188 /* Project object */;
}
